
Microsoft Visual Studio Solution File, Format Version 12.00
# Visual Studio 15
VisualStudioVersion = 15.0.27428.2037
MinimumVisualStudioVersion = 10.0.40219.1
Project("{FAE04EC0-301F-11D3-BF4B-00C04F79EFBC}") = "Adlez", "Adlez.csproj", "{4A85D8AE-151D-4BFD-AA1D-62F49DB4F567}"
EndProject
Global
	GlobalSection(SolutionConfigurationPlatforms) = preSolution
		Debug|Any CPU = Debug|Any CPU
		Release|Any CPU = Release|Any CPU
	EndGlobalSection
	GlobalSection(ProjectConfigurationPlatforms) = postSolution
		{4A85D8AE-151D-4BFD-AA1D-62F49DB4F567}.Debug|Any CPU.ActiveCfg = Debug|Any CPU
		{4A85D8AE-151D-4BFD-AA1D-62F49DB4F567}.Debug|Any CPU.Build.0 = Debug|Any CPU
		{4A85D8AE-151D-4BFD-AA1D-62F49DB4F567}.Release|Any CPU.ActiveCfg = Release|Any CPU
		{4A85D8AE-151D-4BFD-AA1D-62F49DB4F567}.Release|Any CPU.Build.0 = Release|Any CPU
	EndGlobalSection
	GlobalSection(SolutionProperties) = preSolution
		HideSolutionNode = FALSE
	EndGlobalSection
	GlobalSection(ExtensibilityGlobals) = postSolution
		SolutionGuid = {6AFCFCBC-F1B9-4B2D-8701-90240D716C95}
	EndGlobalSection
EndGlobal
